
Microsoft Visual Studio Solution File, Format Version 12.00
# Visual Studio Version 16
VisualStudioVersion = 16.0.30804.86
MinimumVisualStudioVersion = 10.0.40219.1
Project("{FAE04EC0-301F-11D3-BF4B-00C04F79EFBC}") = "ClientAdmin", "ClientAdmin\ClientAdmin.csproj", "{4E2C2156-E951-4FBD-A8E3-41DBC1F59BE2}"
EndProject
Global
	GlobalSection(SolutionConfigurationPlatforms) = preSolution
		Debug|Any CPU = Debug|Any CPU
		Release|Any CPU = Release|Any CPU
	EndGlobalSection
	GlobalSection(ProjectConfigurationPlatforms) = postSolution
		{4E2C2156-E951-4FBD-A8E3-41DBC1F59BE2}.Debug|Any CPU.ActiveCfg = Debug|Any CPU
		{4E2C2156-E951-4FBD-A8E3-41DBC1F59BE2}.Debug|Any CPU.Build.0 = Debug|Any CPU
		{4E2C2156-E951-4FBD-A8E3-41DBC1F59BE2}.Release|Any CPU.ActiveCfg = Release|Any CPU
		{4E2C2156-E951-4FBD-A8E3-41DBC1F59BE2}.Release|Any CPU.Build.0 = Release|Any CPU
	EndGlobalSection
	GlobalSection(SolutionProperties) = preSolution
		HideSolutionNode = FALSE
	EndGlobalSection
	GlobalSection(ExtensibilityGlobals) = postSolution
		SolutionGuid = {F2F1D5F9-51E5-470D-8CCA-32A97195BFBE}
	EndGlobalSection
EndGlobal
